PODS:
  - Alamofire (4.7.2)
  - CardIO (5.4.1)
  - ContextMenu (0.2.0)
  - DZNEmptyDataSet (1.8.1)
  - IQKeyboardManagerSwift (6.0.4)
  - Material (2.15.0):
    - Material/Core (= 2.15.0)
  - Material/Core (2.15.0):
    - Motion (~> 1.3.0)
  - MaterialComponents/AppBar (55.4.0):
    - MaterialComponents/FlexibleHeader
    - MaterialComponents/HeaderStackView
    - MaterialComponents/NavigationBar
    - MaterialComponents/private/Application
    - MaterialComponents/private/Icons/ic_arrow_back
    - MaterialComponents/private/UIMetrics
    - MaterialComponents/ShadowElevations
    - MaterialComponents/ShadowLayer
    - MaterialComponents/Typography
    - MDFInternationalization
  - MaterialComponents/ButtonBar (55.4.0):
    - MaterialComponents/Buttons
    - MDFInternationalization
  - MaterialComponents/Buttons (55.4.0):
    - MaterialComponents/Ink
    - MaterialComponents/private/Math
    - MaterialComponents/private/Shapes
    - MaterialComponents/ShadowElevations
    - MaterialComponents/ShadowLayer
    - MaterialComponents/Typography
    - MDFInternationalization
    - MDFTextAccessibility
  - MaterialComponents/FlexibleHeader (55.4.0):
    - MaterialComponents/private/Application
    - MaterialComponents/private/UIMetrics
    - MDFTextAccessibility
  - MaterialComponents/HeaderStackView (55.4.0)
  - MaterialComponents/Ink (55.4.0):
    - MaterialComponents/private/Math
  - MaterialComponents/NavigationBar (55.4.0):
    - MaterialComponents/ButtonBar
    - MaterialComponents/private/Math
    - MaterialComponents/Typography
    - MDFInternationalization
    - MDFTextAccessibility
  - MaterialComponents/private/Application (55.4.0)
  - MaterialComponents/private/Icons/Base (55.4.0)
  - MaterialComponents/private/Icons/ic_arrow_back (55.4.0):
    - MaterialComponents/private/Icons/Base
  - MaterialComponents/private/Math (55.4.0)
  - MaterialComponents/private/Shapes (55.4.0):
    - MaterialComponents/private/Math
    - MaterialComponents/ShadowLayer
  - MaterialComponents/private/UIMetrics (55.4.0):
    - MaterialComponents/private/Application
  - MaterialComponents/ShadowElevations (55.4.0)
  - MaterialComponents/ShadowLayer (55.4.0):
    - MaterialComponents/ShadowElevations
  - MaterialComponents/Typography (55.4.0):
    - MaterialComponents/private/Application
  - MDFInternationalization (1.0.4)
  - MDFTextAccessibility (1.2.0)
  - Motion (1.3.5):
    - Motion/Core (= 1.3.5)
  - Motion/Core (1.3.5)
  - Moya/Core (11.0.2):
    - Alamofire (~> 4.1)
    - Result (~> 3.0)
  - Moya/RxSwift (11.0.2):
    - Moya/Core
    - RxSwift (~> 4.0)
  - Result (3.2.4)
  - RxCocoa (4.2.0):
    - RxSwift (~> 4.0)
  - RxSwift (4.2.0)

DEPENDENCIES:
  - CardIO
  - ContextMenu
  - DZNEmptyDataSet
  - IQKeyboardManagerSwift
  - Material
  - MaterialComponents/AppBar
  - MaterialComponents/FlexibleHeader
  - Moya/RxSwift
  - RxCocoa

SPEC REPOS:
  https://github.com/CocoaPods/Specs.git:
    - Alamofire
    - CardIO
    - ContextMenu
    - DZNEmptyDataSet
    - IQKeyboardManagerSwift
    - Material
    - MaterialComponents
    - MDFInternationalization
    - MDFTextAccessibility
    - Motion
    - Moya
    - Result
    - RxCocoa
    - RxSwift

SPEC CHECKSUMS:
  Alamofire: e4fa87002c137ba2d8d634d2c51fabcda0d5c223
  CardIO: 56983b39b62f495fc6dae9ad7cf875143df06443
  ContextMenu: cdc8c03a3a682bee74f493dfa9dfb55fdc2b19a2
  DZNEmptyDataSet: 9525833b9e68ac21c30253e1d3d7076cc828eaa7
  IQKeyboardManagerSwift: 36dbe324b4f9793f5f41ba5227f3e7c76dfefd50
  Material: 00e32bb5e61b3f749044897b2d93acd8bf33faa4
  MaterialComponents: 1a021ab211e40e95e27eb87d9051d558e8f095bd
  MDFInternationalization: e355b0cebecf53d60233bd267084e49366c82513
  MDFTextAccessibility: 94098925e0853551c5a311ce7c1ecefbe297cdb6
  Motion: 9f74d115d7f72bb5380a8e3cde2f8a1fc898ac36
  Moya: a725035953bc1c0eb1be505ab903984501d82440
  Result: d2d07204ce72856f1fd9130bbe42c35a7b0fea10
  RxCocoa: 0b54909c902e1e581212a03e690bbd94032d8baa
  RxSwift: 99e10317ddfcc7fbe01356aafd118fde4a0be104

PODFILE CHECKSUM: 4d028c33f384e3c64240fdf2cbf9b046bd5f78aa

COCOAPODS: 1.5.0
